
Microsoft Visual Studio Solution File, Format Version 12.00
# Visual Studio Version 17
VisualStudioVersion = 17.5.33424.131
MinimumVisualStudioVersion = 10.0.40219.1
Project("{FAE04EC0-301F-11D3-BF4B-00C04F79EFBC}") = "ProgramInstaller", "ProgramInstaller\ProgramInstaller.csproj", "{17889BC9-60E7-41C3-9B60-C1F0743BDD7A}"
EndProject
Global
	GlobalSection(SolutionConfigurationPlatforms) = preSolution
		Debug|Any CPU = Debug|Any CPU
		Release|Any CPU = Release|Any CPU
	EndGlobalSection
	GlobalSection(ProjectConfigurationPlatforms) = postSolution
		{17889BC9-60E7-41C3-9B60-C1F0743BDD7A}.Debug|Any CPU.ActiveCfg = Debug|Any CPU
		{17889BC9-60E7-41C3-9B60-C1F0743BDD7A}.Debug|Any CPU.Build.0 = Debug|Any CPU
		{17889BC9-60E7-41C3-9B60-C1F0743BDD7A}.Release|Any CPU.ActiveCfg = Release|Any CPU
		{17889BC9-60E7-41C3-9B60-C1F0743BDD7A}.Release|Any CPU.Build.0 = Release|Any CPU
	EndGlobalSection
	GlobalSection(SolutionProperties) = preSolution
		HideSolutionNode = FALSE
	EndGlobalSection
	GlobalSection(ExtensibilityGlobals) = postSolution
		SolutionGuid = {ED518EC6-B187-4503-8E3F-9C5DC480A84F}
	EndGlobalSection
EndGlobal
